{
  "name": "HighmarkRentals",
  "lockfileVersion": 3,
  "requires": true,
  "packages": {
    "": {
      "dependencies": {
        "next-cloudinary": "^6.16.1",
        "nodemailer": "^7.0.11"
      }
    },
    "node_modules/@cloudinary-util/types": {
      "version": "1.5.10",
      "resolved": "https://registry.npmjs.org/@cloudinary-util/types/-/types-1.5.10.tgz",
      "integrity": "sha512-n5lrm7SdAXhgWEbkSJKHZGnaoO9G/g4WYS6HYnq/k4nLj79sYfQZOoKjyR8hF2iyLRdLkT+qlk68RNFFv5tKew==",
      "license": "MIT"
    },
    "node_modules/@cloudinary-util/url-loader": {
      "version": "5.10.4",
      "resolved": "https://registry.npmjs.org/@cloudinary-util/url-loader/-/url-loader-5.10.4.tgz",
      "integrity": "sha512-gHkdvOaV+rlcwuIT7Vqd0ts/H5bsH4+bwFten/gIZ8oRjzdTBvgIY3R6F8bbJt0pFIEfpFEQLe4rPkl0NNqEWg==",
      "license": "MIT",
      "dependencies": {
        "@cloudinary-util/types": "1.5.10",
        "@cloudinary-util/util": "3.3.2",
        "@cloudinary/url-gen": "1.15.0",
        "zod": "^3.22.4"
      }
    },
    "node_modules/@cloudinary-util/url-loader/node_modules/@cloudinary-util/util": {
      "version": "3.3.2",
      "resolved": "https://registry.npmjs.org/@cloudinary-util/util/-/util-3.3.2.tgz",
      "integrity": "sha512-Cc0iFxzfl7fcOXuznpeZFGYC885Of/vDgccRDnhTe/8Rf8YKv2PjLtezyo0VgmdA/CpeZy29NCXAsf6liokbwg==",
      "license": "MIT"
    },
    "node_modules/@cloudinary-util/util": {
      "version": "4.0.0",
      "resolved": "https://registry.npmjs.org/@cloudinary-util/util/-/util-4.0.0.tgz",
      "integrity": "sha512-S4xcou/3A7l5o+bcKlw2VHBNgwups7/0lbVDT/cO5YmtrcEYXgj6LGmwnjvpTm/x571VPVN8x5jWdT3rLZiKJQ==",
      "license": "MIT"
    },
    "node_modules/@cloudinary/transformation-builder-sdk": {
      "version": "1.21.2",
      "resolved": "https://registry.npmjs.org/@cloudinary/transformation-builder-sdk/-/transformation-builder-sdk-1.21.2.tgz",
      "integrity": "sha512-ehOgKUaP+Nvuf7B0TosmB8iilL0kdiVjzjl8tIK06cjvsNnwSJI3xP9nEJmKkvqNxwwFwvYXT+mxUTqnSv9JOA==",
      "license": "MIT",
      "dependencies": {
        "@cloudinary/url-gen": "^1.7.0"
      }
    },
    "node_modules/@cloudinary/url-gen": {
      "version": "1.15.0",
      "resolved": "https://registry.npmjs.org/@cloudinary/url-gen/-/url-gen-1.15.0.tgz",
      "integrity": "sha512-bjU67eZxLUgoRy/Plli4TQio7q6P31OYqnEgXxeN9TKXrzr6h0DeEdIUhKI9gy3HkEBWXWWJIPh7j7gkOJPnyA==",
      "license": "MIT",
      "dependencies": {
        "@cloudinary/transformation-builder-sdk": "^1.10.0"
      }
    },
    "node_modules/next-cloudinary": {
      "version": "6.16.1",
      "resolved": "https://registry.npmjs.org/next-cloudinary/-/next-cloudinary-6.16.1.tgz",
      "integrity": "sha512-EeHspgIs34HxltqL97N8OCBh2MNjXg/z373UryUBXFyfvX8d3tyW6KQyQu4qIxXG50TC0PGQq2wn8fP2UAvWMg==",
      "license": "MIT",
      "dependencies": {
        "@cloudinary-util/types": "1.5.10",
        "@cloudinary-util/url-loader": "5.10.4",
        "@cloudinary-util/util": "4.0.0"
      },
      "peerDependencies": {
        "next": "^12 || ^13 || ^14 || >=15.0.0-rc || ^15",
        "react": "^17 || ^18 || >=19.0.0-beta || ^19"
      }
    },
    "node_modules/nodemailer": {
      "version": "7.0.11",
      "resolved": "https://registry.npmjs.org/nodemailer/-/nodemailer-7.0.11.tgz",
      "integrity": "sha512-gnXhNRE0FNhD7wPSCGhdNh46Hs6nm+uTyg+Kq0cZukNQiYdnCsoQjodNP9BQVG9XrcK/v6/MgpAPBUFyzh9pvw==",
      "license": "MIT-0",
      "engines": {
        "node": ">=6.0.0"
      }
    },
    "node_modules/zod": {
      "version": "3.25.76",
      "resolved": "https://registry.npmjs.org/zod/-/zod-3.25.76.tgz",
      "integrity": "sha512-gzUt/qt81nXsFGKIFcC3YnfEAx5NkunCfnDlvuBSSFS02bcXu4Lmea0AFIUwbLWxWPx3d9p8S5QoaujKcNQxcQ==",
      "license": "MIT",
      "funding": {
        "url": "https://github.com/sponsors/colinhacks"
      }
    }
  }
}
